// !$*UTF8*$!
{
	archiveVersion = 1;
	classes = {
	};
	objectVersion = 48;
	objects = {

/* Begin PBXBuildFile section */
		A412AA1022AC14CD00C367A9 /* AppDelegate.swift in Sources */ = {isa = PBXBuildFile; fileRef = A412AA0F22AC14CD00C367A9 /* AppDelegate.swift */; };
		A412AA1222AC14CD00C367A9 /* ViewController.swift in Sources */ = {isa = PBXBuildFile; fileRef = A412AA1122AC14CD00C367A9 /* ViewController.swift */; };
		A412AA1522AC14CD00C367A9 /* Main.storyboard in Resources */ = {isa = PBXBuildFile; fileRef = A412AA1322AC14CD00C367A9 /* Main.storyboard */; };
		A412AA1722AC14CD00C367A9 /* Assets.xcassets in Resources */ = {isa = PBXBuildFile; fileRef = A412AA1622AC14CD00C367A9 /* Assets.xcassets */; };
		A412AA1A22AC14CD00C367A9 /* LaunchScreen.storyboard in Resources */ = {isa = PBXBuildFile; fileRef = A412AA1822AC14CD00C367A9 /* LaunchScreen.storyboard */; };
/* End PBXBuildFile section */

/* Begin PBXFileReference section */
		A412AA0C22AC14CD00C367A9 /* Qual Combustivel?.app */ = {isa = PBXFileReference; explicitFileType = wrapper.application; includeInIndex = 0; path = "Qual Combustivel?.app"; sourceTree = BUILT_PRODUCTS_DIR; };
		A412AA0F22AC14CD00C367A9 /* AppDelegate.swift */ = {isa = PBXFileReference; lastKnownFileType = sourcecode.swift; path = AppDelegate.swift; sourceTree = "<group>"; };
		A412AA1122AC14CD00C367A9 /* ViewController.swift */ = {isa = PBXFileReference; lastKnownFileType = sourcecode.swift; path = ViewController.swift; sourceTree = "<group>"; };
		A412AA1422AC14CD00C367A9 /* Base */ = {isa = PBXFileReference; lastKnownFileType = file.storyboard; name = Base; path = Base.lproj/Main.storyboard; sourceTree = "<group>"; };
		A412AA1622AC14CD00C367A9 /* Assets.xcassets */ = {isa = PBXFileReference; lastKnownFileType = folder.assetcatalog; path = Assets.xcassets; sourceTree = "<group>"; };
		A412AA1922AC14CD00C367A9 /* Base */ = {isa = PBXFileReference; lastKnownFileType = file.storyboard; name = Base; path = Base.lproj/LaunchScreen.storyboard; sourceTree = "<group>"; };
		A412AA1B22AC14CD00C367A9 /* Info.plist */ = {isa = PBXFileReference; lastKnownFileType = text.plist.xml; path = Info.plist; sourceTree = "<group>"; };
/* End PBXFileReference section */

/* Begin PBXFrameworksBuildPhase section */
		A412AA0922AC14CD00C367A9 /* Frameworks */ = {
			isa = PBXFrameworksBuildPhase;
			buildActionMask = 2147483647;
			files = (
			);
			runOnlyForDeploymentPostprocessing = 0;
		};
/* End PBXFrameworksBuildPhase section */

/* Begin PBXGroup section */
		A412AA0322AC14CD00C367A9 = {
			isa = PBXGroup;
			children = (
				A412AA0E22AC14CD00C367A9 /* Qual Combustivel? */,
				A412AA0D22AC14CD00C367A9 /* Products */,
			);
			sourceTree = "<group>";
		};
		A412AA0D22AC14CD00C367A9 /* Products */ = {
			isa = PBXGroup;
			children = (
				A412AA0C22AC14CD00C367A9 /* Qual Combustivel?.app */,
			);
			name = Products;
			sourceTree = "<group>";
		};
		A412AA0E22AC14CD00C367A9 /* Qual Combustivel? */ = {
			isa = PBXGroup;
			children = (
				A412AA0F22AC14CD00C367A9 /* AppDelegate.swift */,
				A412AA1122AC14CD00C367A9 /* ViewController.swift */,
				A412AA1322AC14CD00C367A9 /* Main.storyboard */,
				A412AA1622AC14CD00C367A9 /* Assets.xcassets */,
				A412AA1822AC14CD00C367A9 /* LaunchScreen.storyboard */,
				A412AA1B22AC14CD00C367A9 /* Info.plist */,
			);
			path = "Qual Combustivel?";
			sourceTree = "<group>";
		};
/* End PBXGroup section */

/* Begin PBXNativeTarget section */
		A412AA0B22AC14CD00C367A9 /* Qual Combustivel? */ = {
			isa = PBXNativeTarget;
			buildConfigurationList = A412AA1E22AC14CD00C367A9 /* Build configuration list for PBXNativeTarget "Qual Combustivel?" */;
			buildPhases = (
				A412AA0822AC14CD00C367A9 /* Sources */,
				A412AA0922AC14CD00C367A9 /* Frameworks */,
				A412AA0A22AC14CD00C367A9 /* Resources */,
			);
			buildRules = (
			);
			dependencies = (
			);
			name = "Qual Combustivel?";
			productName = "Qual Combustivel?";
			productReference = A412AA0C22AC14CD00C367A9 /* Qual Combustivel?.app */;
			productType = "com.apple.product-type.application";
		};
/* End PBXNativeTarget section */

/* Begin PBXProject section */
		A412AA0422AC14CD00C367A9 /* Project object */ = {
			isa = PBXProject;
			attributes = {
				LastSwiftUpdateCheck = 0910;
				LastUpgradeCheck = 0910;
				ORGANIZATIONNAME = Andr3ziim;
				TargetAttributes = {
					A412AA0B22AC14CD00C367A9 = {
						CreatedOnToolsVersion = 9.1;
						ProvisioningStyle = Automatic;
					};
				};
			};
			buildConfigurationList = A412AA0722AC14CD00C367A9 /* Build configuration list for PBXProject "Qual Combustivel?" */;
			compatibilityVersion = "Xcode 8.0";
			developmentRegion = en;
			hasScannedForEncodings = 0;
			knownRegions = (
				en,
				Base,
			);
			mainGroup = A412AA0322AC14CD00C367A9;
			productRefGroup = A412AA0D22AC14CD00C367A9 /* Products */;
			projectDirPath = "";
			projectRoot = "";
			targets = (
				A412AA0B22AC14CD00C367A9 /* Qual Combustivel? */,
			);
		};
/* End PBXProject section */

/* Begin PBXResourcesBuildPhase section */
		A412AA0A22AC14CD00C367A9 /* Resources */ = {
			isa = PBXResourcesBuildPhase;
			buildActionMask = 2147483647;
			files = (
				A412AA1A22AC14CD00C367A9 /* LaunchScreen.storyboard in Resources */,
				A412AA1722AC14CD00C367A9 /* Assets.xcassets in Resources */,
				A412AA1522AC14CD00C367A9 /* Main.storyboard in Resources */,
			);
			runOnlyForDeploymentPostprocessing = 0;
		};
/* End PBXResourcesBuildPhase section */

/* Begin PBXSourcesBuildPhase section */
		A412AA0822AC14CD00C367A9 /* Sources */ = {
			isa = PBXSourcesBuildPhase;
			buildActionMask = 2147483647;
			files = (
				A412AA1222AC14CD00C367A9 /* ViewController.swift in Sources */,
				A412AA1022AC14CD00C367A9 /* AppDelegate.swift in Sources */,
			);
			runOnlyForDeploymentPostprocessing = 0;
		};
/* End PBXSourcesBuildPhase section */

/* Begin PBXVariantGroup section */
		A412AA1322AC14CD00C367A9 /* Main.storyboard */ = {
			isa = PBXVariantGroup;
			children = (
				A412AA1422AC14CD00C367A9 /* Base */,
			);
			name = Main.storyboard;
			sourceTree = "<group>";
		};
		A412AA1822AC14CD00C367A9 /* LaunchScreen.storyboard */ = {
			isa = PBXVariantGroup;
			children = (
				A412AA1922AC14CD00C367A9 /* Base */,
			);
			name = LaunchScreen.storyboard;
			sourceTree = "<group>";
		};
/* End PBXVariantGroup section */

/* Begin XCBuildConfiguration section */
		A412AA1C22AC14CD00C367A9 /* Debug */ = {
			isa = XCBuildConfiguration;
			buildSettings = {
				ALWAYS_SEARCH_USER_PATHS = NO;
				CLANG_ANALYZER_NONNULL = YES;
				CLANG_ANALYZER_NUMBER_OBJECT_CONVERSION = YES_AGGRESSIVE;
				CLANG_CXX_LANGUAGE_STANDARD = "gnu++14";
				CLANG_CXX_LIBRARY = "libc++";
				CLANG_ENABLE_MODULES = YES;
				CLANG_ENABLE_OBJC_ARC = YES;
				CLANG_WARN_BLOCK_CAPTURE_AUTORELEASING = YES;
				CLANG_WARN_BOOL_CONVERSION = YES;
				CLANG_WARN_COMMA = YES;
				CLANG_WARN_CONSTANT_CONVERSION = YES;
				CLANG_WARN_DIRECT_OBJC_ISA_USAGE = YES_ERROR;
				CLANG_WARN_DOCUMENTATION_COMMENTS = YES;
				CLANG_WARN_EMPTY_BODY = YES;
				CLANG_WARN_ENUM_CONVERSION = YES;
				CLANG_WARN_INFINITE_RECURSION = YES;
				CLANG_WARN_INT_CONVERSION = YES;
				CLANG_WARN_NON_LITERAL_NULL_CONVERSION = YES;
				CLANG_WARN_OBJC_LITERAL_CONVERSION = YES;
				CLANG_WARN_OBJC_ROOT_CLASS = YES_ERROR;
				CLANG_WARN_RANGE_LOOP_ANALYSIS = YES;
				CLANG_WARN_STRICT_PROTOTYPES = YES;
				CLANG_WARN_SUSPICIOUS_MOVE = YES;
				CLANG_WARN_UNGUARDED_AVAILABILITY = YES_AGGRESSIVE;
				CLANG_WARN_UNREACHABLE_CODE = YES;
				CLANG_WARN__DUPLICATE_METHOD_MATCH = YES;
				CODE_SIGN_IDENTITY = "iPhone Developer";
				COPY_PHASE_STRIP = NO;
				DEBUG_INFORMATION_FORMAT = dwarf;
				ENABLE_STRICT_OBJC_MSGSEND = YES;
				ENABLE_TESTABILITY = YES;
				GCC_C_LANGUAGE_STANDARD = gnu11;
				GCC_DYNAMIC_NO_PIC = NO;
				GCC_NO_COMMON_BLOCKS = YES;
				GCC_OPTIMIZATION_LEVEL = 0;
				GCC_PREPROCESSOR_DEFINITIONS = (
					"DEBUG=1",
					"$(inherited)",
				);
				GCC_WARN_64_TO_32_BIT_CONVERSION = YES;
				GCC_WARN_ABOUT_RETURN_TYPE = YES_ERROR;
				GCC_WARN_UNDECLARED_SELECTOR = YES;
				GCC_WARN_UNINITIALIZED_AUTOS = YES_AGGRESSIVE;
				GCC_WARN_UNUSED_FUNCTION = YES;
				GCC_WARN_UNUSED_VARIABLE = YES;
				IPHONEOS_DEPLOYMENT_TARGET = 11.1;
				MTL_ENABLE_DEBUG_INFO = YES;
				ONLY_ACTIVE_ARCH = YES;
				SDKROOT = iphoneos;
				SWIFT_ACTIVE_COMPILATION_CONDITIONS = DEBUG;
				SWIFT_OPTIMIZATION_LEVEL = "-Onone";
			};
			name = Debug;
		};
		A412AA1D22AC14CD00C367A9 /* Release */ = {
			isa = XCBuildConfiguration;
			buildSettings = {
				ALWAYS_SEARCH_USER_PATHS = NO;
				CLANG_ANALYZER_NONNULL = YES;
				CLANG_ANALYZER_NUMBER_OBJECT_CONVERSION = YES_AGGRESSIVE;
				CLANG_CXX_LANGUAGE_STANDARD = "gnu++14";
				CLANG_CXX_LIBRARY = "libc++";
				CLANG_ENABLE_MODULES = YES;
				CLANG_ENABLE_OBJC_ARC = YES;
				CLANG_WARN_BLOCK_CAPTURE_AUTORELEASING = YES;
				CLANG_WARN_BOOL_CONVERSION = YES;
				CLANG_WARN_COMMA = YES;
				CLANG_WARN_CONSTANT_CONVERSION = YES;
				CLANG_WARN_DIRECT_OBJC_ISA_USAGE = YES_ERROR;
				CLANG_WARN_DOCUMENTATION_COMMENTS = YES;
				CLANG_WARN_EMPTY_BODY = YES;
				CLANG_WARN_ENUM_CONVERSION = YES;
				CLANG_WARN_INFINITE_RECURSION = YES;
				CLANG_WARN_INT_CONVERSION = YES;
				CLANG_WARN_NON_LITERAL_NULL_CONVERSION = YES;
				CLANG_WARN_OBJC_LITERAL_CONVERSION = YES;
				CLANG_WARN_OBJC_ROOT_CLASS = YES_ERROR;
				CLANG_WARN_RANGE_LOOP_ANALYSIS = YES;
				CLANG_WARN_STRICT_PROTOTYPES = YES;
				CLANG_WARN_SUSPICIOUS_MOVE = YES;
				CLANG_WARN_UNGUARDED_AVAILABILITY = YES_AGGRESSIVE;
				CLANG_WARN_UNREACHABLE_CODE = YES;
				CLANG_WARN__DUPLICATE_METHOD_MATCH = YES;
				CODE_SIGN_IDENTITY = "iPhone Developer";
				COPY_PHASE_STRIP = NO;
				DEBUG_INFORMATION_FORMAT = "dwarf-with-dsym";
				ENABLE_NS_ASSERTIONS = NO;
				ENABLE_STRICT_OBJC_MSGSEND = YES;
				GCC_C_LANGUAGE_STANDARD = gnu11;
				GCC_NO_COMMON_BLOCKS = YES;
				GCC_WARN_64_TO_32_BIT_CONVERSION = YES;
				GCC_WARN_ABOUT_RETURN_TYPE = YES_ERROR;
				GCC_WARN_UNDECLARED_SELECTOR = YES;
				GCC_WARN_UNINITIALIZED_AUTOS = YES_AGGRESSIVE;
				GCC_WARN_UNUSED_FUNCTION = YES;
				GCC_WARN_UNUSED_VARIABLE = YES;
				IPHONEOS_DEPLOYMENT_TARGET = 11.1;
				MTL_ENABLE_DEBUG_INFO = NO;
				SDKROOT = iphoneos;
				SWIFT_OPTIMIZATION_LEVEL = "-Owholemodule";
				VALIDATE_PRODUCT = YES;
			};
			name = Release;
		};
		A412AA1F22AC14CD00C367A9 /* Debug */ = {
			isa = XCBuildConfiguration;
			buildSettings = {
				ASSETCATALOG_COMPILER_APPICON_NAME = AppIcon;
				CODE_SIGN_STYLE = Automatic;
				INFOPLIST_FILE = "Qual Combustivel?/Info.plist";
				LD_RUNPATH_SEARCH_PATHS = "$(inherited) @executable_path/Frameworks";
				PRODUCT_BUNDLE_IDENTIFIER = "com.andr3ziim.Qual-Combustivel-";
				PRODUCT_NAME = "$(TARGET_NAME)";
				SWIFT_VERSION = 4.0;
				TARGETED_DEVICE_FAMILY = "1,2";
			};
			name = Debug;
		};
		A412AA2022AC14CD00C367A9 /* Release */ = {
			isa = XCBuildConfiguration;
			buildSettings = {
				ASSETCATALOG_COMPILER_APPICON_NAME = AppIcon;
				CODE_SIGN_STYLE = Automatic;
				INFOPLIST_FILE = "Qual Combustivel?/Info.plist";
				LD_RUNPATH_SEARCH_PATHS = "$(inherited) @executable_path/Frameworks";
				PRODUCT_BUNDLE_IDENTIFIER = "com.andr3ziim.Qual-Combustivel-";
				PRODUCT_NAME = "$(TARGET_NAME)";
				SWIFT_VERSION = 4.0;
				TARGETED_DEVICE_FAMILY = "1,2";
			};
			name = Release;
		};
/* End XCBuildConfiguration section */

/* Begin XCConfigurationList section */
		A412AA0722AC14CD00C367A9 /* Build configuration list for PBXProject "Qual Combustivel?" */ = {
			isa = XCConfigurationList;
			buildConfigurations = (
				A412AA1C22AC14CD00C367A9 /* Debug */,
				A412AA1D22AC14CD00C367A9 /* Release */,
			);
			defaultConfigurationIsVisible = 0;
			defaultConfigurationName = Release;
		};
		A412AA1E22AC14CD00C367A9 /* Build configuration list for PBXNativeTarget "Qual Combustivel?" */ = {
			isa = XCConfigurationList;
			buildConfigurations = (
				A412AA1F22AC14CD00C367A9 /* Debug */,
				A412AA2022AC14CD00C367A9 /* Release */,
			);
			defaultConfigurationIsVisible = 0;
			defaultConfigurationName = Release;
		};
/* End XCConfigurationList section */
	};
	rootObject = A412AA0422AC14CD00C367A9 /* Project object */;
}
